
Microsoft Visual Studio Solution File, Format Version 12.00
# Visual Studio Version 17
VisualStudioVersion = 17.2.32616.157
MinimumVisualStudioVersion = 10.0.40219.1
Project("{FAE04EC0-301F-11D3-BF4B-00C04F79EFBC}") = "WordInExcel", "WordInExcel\WordInExcel.csproj", "{BC6F838E-2941-409B-BD51-4CC48A018BDD}"
EndProject
Global
	GlobalSection(SolutionConfigurationPlatforms) = preSolution
		Debug|Any CPU = Debug|Any CPU
		Release|Any CPU = Release|Any CPU
	EndGlobalSection
	GlobalSection(ProjectConfigurationPlatforms) = postSolution
		{BC6F838E-2941-409B-BD51-4CC48A018BDD}.Debug|Any CPU.ActiveCfg = Debug|Any CPU
		{BC6F838E-2941-409B-BD51-4CC48A018BDD}.Debug|Any CPU.Build.0 = Debug|Any CPU
		{BC6F838E-2941-409B-BD51-4CC48A018BDD}.Release|Any CPU.ActiveCfg = Release|Any CPU
		{BC6F838E-2941-409B-BD51-4CC48A018BDD}.Release|Any CPU.Build.0 = Release|Any CPU
	EndGlobalSection
	GlobalSection(SolutionProperties) = preSolution
		HideSolutionNode = FALSE
	EndGlobalSection
	GlobalSection(ExtensibilityGlobals) = postSolution
		SolutionGuid = {3F26AA04-EA8E-4F47-9806-4B6271C93312}
	EndGlobalSection
EndGlobal
